
Microsoft Visual Studio Solution File, Format Version 11.00
# Visual Studio 2010
Project("{F184B08F-C81C-45F6-A57F-5ABD9991F28F}") = "Honors Project 2", "Honors Project 2\Honors Project 2.vbproj", "{DB3C674C-1834-4001-B171-0A702E4194CF}"
EndProject
Global
	GlobalSection(SolutionConfigurationPlatforms) = preSolution
		Debug|x86 = Debug|x86
		Release|x86 = Release|x86
	EndGlobalSection
	GlobalSection(ProjectConfigurationPlatforms) = postSolution
		{DB3C674C-1834-4001-B171-0A702E4194CF}.Debug|x86.ActiveCfg = Debug|x86
		{DB3C674C-1834-4001-B171-0A702E4194CF}.Debug|x86.Build.0 = Debug|x86
		{DB3C674C-1834-4001-B171-0A702E4194CF}.Release|x86.ActiveCfg = Release|x86
		{DB3C674C-1834-4001-B171-0A702E4194CF}.Release|x86.Build.0 = Release|x86
	EndGlobalSection
	GlobalSection(SolutionProperties) = preSolution
		HideSolutionNode = FALSE
	EndGlobalSection
EndGlobal
