
Microsoft Visual Studio Solution File, Format Version 11.00
# Visual Studio 2010
Project("{F184B08F-C81C-45F6-A57F-5ABD9991F28F}") = "GabeTacToe", "GabeTacToe\GabeTacToe.vbproj", "{5A93BE1E-60A8-49E4-9C05-554356A29360}"
EndProject
Global
	GlobalSection(SolutionConfigurationPlatforms) = preSolution
		Debug|x86 = Debug|x86
		Release|x86 = Release|x86
	EndGlobalSection
	GlobalSection(ProjectConfigurationPlatforms) = postSolution
		{5A93BE1E-60A8-49E4-9C05-554356A29360}.Debug|x86.ActiveCfg = Debug|x86
		{5A93BE1E-60A8-49E4-9C05-554356A29360}.Debug|x86.Build.0 = Debug|x86
		{5A93BE1E-60A8-49E4-9C05-554356A29360}.Release|x86.ActiveCfg = Release|x86
		{5A93BE1E-60A8-49E4-9C05-554356A29360}.Release|x86.Build.0 = Release|x86
	EndGlobalSection
	GlobalSection(SolutionProperties) = preSolution
		HideSolutionNode = FALSE
	EndGlobalSection
EndGlobal
