
Microsoft Visual Studio Solution File, Format Version 11.00
# Visual Studio 2010
Project("{F184B08F-C81C-45F6-A57F-5ABD9991F28F}") = "PizzaOrder", "PizzaOrder\PizzaOrder.vbproj", "{E68E9192-F71D-4490-B6A2-FAB554B21463}"
EndProject
Global
	GlobalSection(SolutionConfigurationPlatforms) = preSolution
		Debug|x86 = Debug|x86
		Release|x86 = Release|x86
	EndGlobalSection
	GlobalSection(ProjectConfigurationPlatforms) = postSolution
		{E68E9192-F71D-4490-B6A2-FAB554B21463}.Debug|x86.ActiveCfg = Debug|x86
		{E68E9192-F71D-4490-B6A2-FAB554B21463}.Debug|x86.Build.0 = Debug|x86
		{E68E9192-F71D-4490-B6A2-FAB554B21463}.Release|x86.ActiveCfg = Release|x86
		{E68E9192-F71D-4490-B6A2-FAB554B21463}.Release|x86.Build.0 = Release|x86
	EndGlobalSection
	GlobalSection(SolutionProperties) = preSolution
		HideSolutionNode = FALSE
	EndGlobalSection
EndGlobal
